
Microsoft Visual Studio Solution File, Format Version 12.00
# Visual Studio Version 16
VisualStudioVersion = 16.0.29911.84
MinimumVisualStudioVersion = 10.0.40219.1
Project("{FAE04EC0-301F-11D3-BF4B-00C04F79EFBC}") = "SkillsService", "SkillsService\SkillsService.csproj", "{B8D0FFE7-8B2A-448B-81FB-3D4068EB9535}"
EndProject
Global
	GlobalSection(SolutionConfigurationPlatforms) = preSolution
		Debug|Any CPU = Debug|Any CPU
		Release|Any CPU = Release|Any CPU
	EndGlobalSection
	GlobalSection(ProjectConfigurationPlatforms) = postSolution
		{B8D0FFE7-8B2A-448B-81FB-3D4068EB9535}.Debug|Any CPU.ActiveCfg = Debug|Any CPU
		{B8D0FFE7-8B2A-448B-81FB-3D4068EB9535}.Debug|Any CPU.Build.0 = Debug|Any CPU
		{B8D0FFE7-8B2A-448B-81FB-3D4068EB9535}.Release|Any CPU.ActiveCfg = Release|Any CPU
		{B8D0FFE7-8B2A-448B-81FB-3D4068EB9535}.Release|Any CPU.Build.0 = Release|Any CPU
	EndGlobalSection
	GlobalSection(SolutionProperties) = preSolution
		HideSolutionNode = FALSE
	EndGlobalSection
	GlobalSection(ExtensibilityGlobals) = postSolution
		SolutionGuid = {1AF2C412-4EA1-41DF-923B-32E452CDBC63}
	EndGlobalSection
EndGlobal
